
Microsoft Visual Studio Solution File, Format Version 12.00
# Visual Studio 14
VisualStudioVersion = 14.0.25420.1
MinimumVisualStudioVersion = 10.0.40219.1
Project("{FAE04EC0-301F-11D3-BF4B-00C04F79EFBC}") = "TrainingApp", "TrainingApp\TrainingApp.csproj", "{D6223FBF-262B-49CB-A39A-4D47A582F9B6}"
EndProject
Project("{FAE04EC0-301F-11D3-BF4B-00C04F79EFBC}") = "MultiThreading", "MultiThreading\MultiThreading.csproj", "{E12A6918-3B23-4A3B-BC01-4099E94EA967}"
EndProject
Project("{FAE04EC0-301F-11D3-BF4B-00C04F79EFBC}") = "AsyncAwait", "AsyncAwait\AsyncAwait.csproj", "{129187EC-D7F2-4C72-B408-CFD956219788}"
EndProject
Project("{FAE04EC0-301F-11D3-BF4B-00C04F79EFBC}") = "ExpressionsIQuariable", "ExpressionsIQuariable\ExpressionsIQuariable.csproj", "{E36EFBCB-2F53-488C-BCC4-16CF465813D4}"
EndProject
Project("{FAE04EC0-301F-11D3-BF4B-00C04F79EFBC}") = "InteroperatingUnmanagedCode", "InteroperatingUnmanagedCode\InteroperatingUnmanagedCode.csproj", "{4D2311EA-83C3-49E1-9532-E5C5E746F935}"
EndProject
Global
	GlobalSection(SolutionConfigurationPlatforms) = preSolution
		Debug|Any CPU = Debug|Any CPU
		Release|Any CPU = Release|Any CPU
	EndGlobalSection
	GlobalSection(ProjectConfigurationPlatforms) = postSolution
		{D6223FBF-262B-49CB-A39A-4D47A582F9B6}.Debug|Any CPU.ActiveCfg = Debug|Any CPU
		{D6223FBF-262B-49CB-A39A-4D47A582F9B6}.Debug|Any CPU.Build.0 = Debug|Any CPU
		{D6223FBF-262B-49CB-A39A-4D47A582F9B6}.Release|Any CPU.ActiveCfg = Release|Any CPU
		{D6223FBF-262B-49CB-A39A-4D47A582F9B6}.Release|Any CPU.Build.0 = Release|Any CPU
		{E12A6918-3B23-4A3B-BC01-4099E94EA967}.Debug|Any CPU.ActiveCfg = Debug|Any CPU
		{E12A6918-3B23-4A3B-BC01-4099E94EA967}.Debug|Any CPU.Build.0 = Debug|Any CPU
		{E12A6918-3B23-4A3B-BC01-4099E94EA967}.Release|Any CPU.ActiveCfg = Release|Any CPU
		{E12A6918-3B23-4A3B-BC01-4099E94EA967}.Release|Any CPU.Build.0 = Release|Any CPU
		{129187EC-D7F2-4C72-B408-CFD956219788}.Debug|Any CPU.ActiveCfg = Debug|Any CPU
		{129187EC-D7F2-4C72-B408-CFD956219788}.Debug|Any CPU.Build.0 = Debug|Any CPU
		{129187EC-D7F2-4C72-B408-CFD956219788}.Release|Any CPU.ActiveCfg = Release|Any CPU
		{129187EC-D7F2-4C72-B408-CFD956219788}.Release|Any CPU.Build.0 = Release|Any CPU
		{E36EFBCB-2F53-488C-BCC4-16CF465813D4}.Debug|Any CPU.ActiveCfg = Debug|Any CPU
		{E36EFBCB-2F53-488C-BCC4-16CF465813D4}.Debug|Any CPU.Build.0 = Debug|Any CPU
		{E36EFBCB-2F53-488C-BCC4-16CF465813D4}.Release|Any CPU.ActiveCfg = Release|Any CPU
		{E36EFBCB-2F53-488C-BCC4-16CF465813D4}.Release|Any CPU.Build.0 = Release|Any CPU
		{4D2311EA-83C3-49E1-9532-E5C5E746F935}.Debug|Any CPU.ActiveCfg = Debug|Any CPU
		{4D2311EA-83C3-49E1-9532-E5C5E746F935}.Debug|Any CPU.Build.0 = Debug|Any CPU
		{4D2311EA-83C3-49E1-9532-E5C5E746F935}.Release|Any CPU.ActiveCfg = Release|Any CPU
		{4D2311EA-83C3-49E1-9532-E5C5E746F935}.Release|Any CPU.Build.0 = Release|Any CPU
	EndGlobalSection
	GlobalSection(SolutionProperties) = preSolution
		HideSolutionNode = FALSE
	EndGlobalSection
	GlobalSection(ExtensibilityGlobals) = postSolution
		SolutionGuid = {F7608614-76DA-4A6C-8715-6FF50011E5FB}
	EndGlobalSection
EndGlobal
